
Microsoft Visual Studio Solution File, Format Version 12.00
# Visual Studio Version 16
VisualStudioVersion = 16.0.31515.178
MinimumVisualStudioVersion = 10.0.40219.1
Project("{FAE04EC0-301F-11D3-BF4B-00C04F79EFBC}") = "Phumla_Kamnandi_Hotel", "Phumla_Kamnandi_Hotel.csproj", "{583803F7-77AB-46DF-A654-9C78A14A05F3}"
EndProject
Global
	GlobalSection(SolutionConfigurationPlatforms) = preSolution
		Debug|Any CPU = Debug|Any CPU
		Release|Any CPU = Release|Any CPU
	EndGlobalSection
	GlobalSection(ProjectConfigurationPlatforms) = postSolution
		{583803F7-77AB-46DF-A654-9C78A14A05F3}.Debug|Any CPU.ActiveCfg = Debug|Any CPU
		{583803F7-77AB-46DF-A654-9C78A14A05F3}.Debug|Any CPU.Build.0 = Debug|Any CPU
		{583803F7-77AB-46DF-A654-9C78A14A05F3}.Release|Any CPU.ActiveCfg = Release|Any CPU
		{583803F7-77AB-46DF-A654-9C78A14A05F3}.Release|Any CPU.Build.0 = Release|Any CPU
	EndGlobalSection
	GlobalSection(SolutionProperties) = preSolution
		HideSolutionNode = FALSE
	EndGlobalSection
	GlobalSection(ExtensibilityGlobals) = postSolution
		SolutionGuid = {B4ADC356-8BFE-498E-9959-D55AA34047BE}
	EndGlobalSection
EndGlobal
